
Microsoft Visual Studio Solution File, Format Version 12.00
# Visual Studio 15
VisualStudioVersion = 15.0.28010.2046
MinimumVisualStudioVersion = 10.0.40219.1
Project("{FAE04EC0-301F-11D3-BF4B-00C04F79EFBC}") = "ClassLibrary1", "ClassLibrary1\ClassLibrary1.csproj", "{7B744BBF-1524-4A49-A849-AD2939689DA1}"
EndProject
Global
	GlobalSection(SolutionConfigurationPlatforms) = preSolution
		Debug|Any CPU = Debug|Any CPU
		Release|Any CPU = Release|Any CPU
	EndGlobalSection
	GlobalSection(ProjectConfigurationPlatforms) = postSolution
		{7B744BBF-1524-4A49-A849-AD2939689DA1}.Debug|Any CPU.ActiveCfg = Debug|Any CPU
		{7B744BBF-1524-4A49-A849-AD2939689DA1}.Debug|Any CPU.Build.0 = Debug|Any CPU
		{7B744BBF-1524-4A49-A849-AD2939689DA1}.Release|Any CPU.ActiveCfg = Release|Any CPU
		{7B744BBF-1524-4A49-A849-AD2939689DA1}.Release|Any CPU.Build.0 = Release|Any CPU
	EndGlobalSection
	GlobalSection(SolutionProperties) = preSolution
		HideSolutionNode = FALSE
	EndGlobalSection
	GlobalSection(ExtensibilityGlobals) = postSolution
		SolutionGuid = {D1331B3A-131A-4EB7-9148-A752926F76EC}
	EndGlobalSection
EndGlobal
